
Microsoft Visual Studio Solution File, Format Version 12.00
# Visual Studio Version 17
VisualStudioVersion = 17.1.32228.430
MinimumVisualStudioVersion = 10.0.40219.1
Project("{FAE04EC0-301F-11D3-BF4B-00C04F79EFBC}") = "OldStore.Client", "OldStore.Client\OldStore.Client.csproj", "{71683054-3161-406B-8CEE-AD453A4CEDC5}"
EndProject
Project("{2150E333-8FDC-42A3-9474-1A3956D46DE8}") = "Backend", "Backend", "{EAC1A758-2569-42CE-B3B9-0BFA031E6424}"
EndProject
Project("{FAE04EC0-301F-11D3-BF4B-00C04F79EFBC}") = "OldStore.API", "Backend\OldStore.API\OldStore.API.csproj", "{6B26C234-6EA5-49D6-B08C-5F5EDD59382B}"
EndProject
Project("{2150E333-8FDC-42A3-9474-1A3956D46DE8}") = "Games", "Games", "{D896ACB2-8D27-4D5E-9BC8-7F4022A387C9}"
EndProject
Project("{2150E333-8FDC-42A3-9474-1A3956D46DE8}") = "Auth", "Auth", "{37478171-F341-4191-8036-9DD090CB7919}"
EndProject
Project("{FAE04EC0-301F-11D3-BF4B-00C04F79EFBC}") = "OldStore.Shared", "OldStore.Shared\OldStore.Shared.csproj", "{556A85FD-AE0F-48A0-AF8D-3DD7CDFAD5AA}"
EndProject
Project("{FAE04EC0-301F-11D3-BF4B-00C04F79EFBC}") = "OldStore.Games.API", "Backend\Games\OldStore.Games.API\OldStore.Games.API.csproj", "{7A82A755-3F95-4E6B-B125-BF95816B25F5}"
EndProject
Project("{FAE04EC0-301F-11D3-BF4B-00C04F79EFBC}") = "OldStore.Games.Domain", "Backend\Games\OldStore.Games.Domain\OldStore.Games.Domain.csproj", "{20DFE0A9-C54D-486F-AF8B-186440CD314D}"
EndProject
Project("{FAE04EC0-301F-11D3-BF4B-00C04F79EFBC}") = "OldStore.Games.Infrastructure", "Backend\Games\OldStore.Games.Infrastructure\OldStore.Games.Infrastructure.csproj", "{A555A661-9357-46EF-A426-0AFCEFD210C1}"
EndProject
Project("{FAE04EC0-301F-11D3-BF4B-00C04F79EFBC}") = "OldStore.Auth.API", "Backend\Auth\OldStore.Auth.API\OldStore.Auth.API.csproj", "{14E35808-B430-4BA6-876E-707F6C8E09D2}"
EndProject
Project("{FAE04EC0-301F-11D3-BF4B-00C04F79EFBC}") = "OldStore.Auth.Domain", "Backend\Auth\OldStore.Auth.Domain\OldStore.Auth.Domain.csproj", "{04350ACD-8801-4E08-A3F1-F6C79E6AAB21}"
EndProject
Project("{FAE04EC0-301F-11D3-BF4B-00C04F79EFBC}") = "OldStore.Auth.Infrastructure", "Backend\Auth\OldStore.Auth.Infrastructure\OldStore.Auth.Infrastructure.csproj", "{2C2D1BD7-8BD7-41B0-975D-96252E5DDFA0}"
EndProject
Global
	GlobalSection(SolutionConfigurationPlatforms) = preSolution
		Debug|Any CPU = Debug|Any CPU
		Release|Any CPU = Release|Any CPU
	EndGlobalSection
	GlobalSection(ProjectConfigurationPlatforms) = postSolution
		{71683054-3161-406B-8CEE-AD453A4CEDC5}.Debug|Any CPU.ActiveCfg = Debug|Any CPU
		{71683054-3161-406B-8CEE-AD453A4CEDC5}.Debug|Any CPU.Build.0 = Debug|Any CPU
		{71683054-3161-406B-8CEE-AD453A4CEDC5}.Release|Any CPU.ActiveCfg = Release|Any CPU
		{71683054-3161-406B-8CEE-AD453A4CEDC5}.Release|Any CPU.Build.0 = Release|Any CPU
		{6B26C234-6EA5-49D6-B08C-5F5EDD59382B}.Debug|Any CPU.ActiveCfg = Debug|Any CPU
		{6B26C234-6EA5-49D6-B08C-5F5EDD59382B}.Debug|Any CPU.Build.0 = Debug|Any CPU
		{6B26C234-6EA5-49D6-B08C-5F5EDD59382B}.Release|Any CPU.ActiveCfg = Release|Any CPU
		{6B26C234-6EA5-49D6-B08C-5F5EDD59382B}.Release|Any CPU.Build.0 = Release|Any CPU
		{556A85FD-AE0F-48A0-AF8D-3DD7CDFAD5AA}.Debug|Any CPU.ActiveCfg = Debug|Any CPU
		{556A85FD-AE0F-48A0-AF8D-3DD7CDFAD5AA}.Debug|Any CPU.Build.0 = Debug|Any CPU
		{556A85FD-AE0F-48A0-AF8D-3DD7CDFAD5AA}.Release|Any CPU.ActiveCfg = Release|Any CPU
		{556A85FD-AE0F-48A0-AF8D-3DD7CDFAD5AA}.Release|Any CPU.Build.0 = Release|Any CPU
		{7A82A755-3F95-4E6B-B125-BF95816B25F5}.Debug|Any CPU.ActiveCfg = Debug|Any CPU
		{7A82A755-3F95-4E6B-B125-BF95816B25F5}.Debug|Any CPU.Build.0 = Debug|Any CPU
		{7A82A755-3F95-4E6B-B125-BF95816B25F5}.Release|Any CPU.ActiveCfg = Release|Any CPU
		{7A82A755-3F95-4E6B-B125-BF95816B25F5}.Release|Any CPU.Build.0 = Release|Any CPU
		{20DFE0A9-C54D-486F-AF8B-186440CD314D}.Debug|Any CPU.ActiveCfg = Debug|Any CPU
		{20DFE0A9-C54D-486F-AF8B-186440CD314D}.Debug|Any CPU.Build.0 = Debug|Any CPU
		{20DFE0A9-C54D-486F-AF8B-186440CD314D}.Release|Any CPU.ActiveCfg = Release|Any CPU
		{20DFE0A9-C54D-486F-AF8B-186440CD314D}.Release|Any CPU.Build.0 = Release|Any CPU
		{A555A661-9357-46EF-A426-0AFCEFD210C1}.Debug|Any CPU.ActiveCfg = Debug|Any CPU
		{A555A661-9357-46EF-A426-0AFCEFD210C1}.Debug|Any CPU.Build.0 = Debug|Any CPU
		{A555A661-9357-46EF-A426-0AFCEFD210C1}.Release|Any CPU.ActiveCfg = Release|Any CPU
		{A555A661-9357-46EF-A426-0AFCEFD210C1}.Release|Any CPU.Build.0 = Release|Any CPU
		{14E35808-B430-4BA6-876E-707F6C8E09D2}.Debug|Any CPU.ActiveCfg = Debug|Any CPU
		{14E35808-B430-4BA6-876E-707F6C8E09D2}.Debug|Any CPU.Build.0 = Debug|Any CPU
		{14E35808-B430-4BA6-876E-707F6C8E09D2}.Release|Any CPU.ActiveCfg = Release|Any CPU
		{14E35808-B430-4BA6-876E-707F6C8E09D2}.Release|Any CPU.Build.0 = Release|Any CPU
		{04350ACD-8801-4E08-A3F1-F6C79E6AAB21}.Debug|Any CPU.ActiveCfg = Debug|Any CPU
		{04350ACD-8801-4E08-A3F1-F6C79E6AAB21}.Debug|Any CPU.Build.0 = Debug|Any CPU
		{04350ACD-8801-4E08-A3F1-F6C79E6AAB21}.Release|Any CPU.ActiveCfg = Release|Any CPU
		{04350ACD-8801-4E08-A3F1-F6C79E6AAB21}.Release|Any CPU.Build.0 = Release|Any CPU
		{2C2D1BD7-8BD7-41B0-975D-96252E5DDFA0}.Debug|Any CPU.ActiveCfg = Debug|Any CPU
		{2C2D1BD7-8BD7-41B0-975D-96252E5DDFA0}.Debug|Any CPU.Build.0 = Debug|Any CPU
		{2C2D1BD7-8BD7-41B0-975D-96252E5DDFA0}.Release|Any CPU.ActiveCfg = Release|Any CPU
		{2C2D1BD7-8BD7-41B0-975D-96252E5DDFA0}.Release|Any CPU.Build.0 = Release|Any CPU
	EndGlobalSection
	GlobalSection(SolutionProperties) = preSolution
		HideSolutionNode = FALSE
	EndGlobalSection
	GlobalSection(NestedProjects) = preSolution
		{6B26C234-6EA5-49D6-B08C-5F5EDD59382B} = {EAC1A758-2569-42CE-B3B9-0BFA031E6424}
		{D896ACB2-8D27-4D5E-9BC8-7F4022A387C9} = {EAC1A758-2569-42CE-B3B9-0BFA031E6424}
		{37478171-F341-4191-8036-9DD090CB7919} = {EAC1A758-2569-42CE-B3B9-0BFA031E6424}
		{7A82A755-3F95-4E6B-B125-BF95816B25F5} = {D896ACB2-8D27-4D5E-9BC8-7F4022A387C9}
		{20DFE0A9-C54D-486F-AF8B-186440CD314D} = {D896ACB2-8D27-4D5E-9BC8-7F4022A387C9}
		{A555A661-9357-46EF-A426-0AFCEFD210C1} = {D896ACB2-8D27-4D5E-9BC8-7F4022A387C9}
		{14E35808-B430-4BA6-876E-707F6C8E09D2} = {37478171-F341-4191-8036-9DD090CB7919}
		{04350ACD-8801-4E08-A3F1-F6C79E6AAB21} = {37478171-F341-4191-8036-9DD090CB7919}
		{2C2D1BD7-8BD7-41B0-975D-96252E5DDFA0} = {37478171-F341-4191-8036-9DD090CB7919}
	EndGlobalSection
	GlobalSection(ExtensibilityGlobals) = postSolution
		SolutionGuid = {2691AB8E-1691-453C-846E-EFB9546C356D}
	EndGlobalSection
EndGlobal
